
Microsoft Visual Studio Solution File, Format Version 12.00
# Visual Studio Version 16
VisualStudioVersion = 16.0.31515.178
MinimumVisualStudioVersion = 10.0.40219.1
Project("{FAE04EC0-301F-11D3-BF4B-00C04F79EFBC}") = "NovoProjeto", "NovoProjeto\NovoProjeto.csproj", "{290A02A4-488C-413D-A42D-B3BB6206BB91}"
EndProject
Global
	GlobalSection(SolutionConfigurationPlatforms) = preSolution
		Debug|Any CPU = Debug|Any CPU
		Release|Any CPU = Release|Any CPU
	EndGlobalSection
	GlobalSection(ProjectConfigurationPlatforms) = postSolution
		{290A02A4-488C-413D-A42D-B3BB6206BB91}.Debug|Any CPU.ActiveCfg = Debug|Any CPU
		{290A02A4-488C-413D-A42D-B3BB6206BB91}.Debug|Any CPU.Build.0 = Debug|Any CPU
		{290A02A4-488C-413D-A42D-B3BB6206BB91}.Release|Any CPU.ActiveCfg = Release|Any CPU
		{290A02A4-488C-413D-A42D-B3BB6206BB91}.Release|Any CPU.Build.0 = Release|Any CPU
	EndGlobalSection
	GlobalSection(SolutionProperties) = preSolution
		HideSolutionNode = FALSE
	EndGlobalSection
	GlobalSection(ExtensibilityGlobals) = postSolution
		SolutionGuid = {D72CC828-3B07-40A7-A3B9-B89FDAF34D0C}
	EndGlobalSection
EndGlobal
